
Microsoft Visual Studio Solution File, Format Version 12.00
# Visual Studio Version 17
VisualStudioVersion = 17.0.31903.59
MinimumVisualStudioVersion = 10.0.40219.1
Project("{9A19103F-16F7-4668-BE54-9A1E7A4F7556}") = "PgpCore", "PgpCore\PgpCore.csproj", "{109C82AE-0229-494D-845F-828B61C712E6}"
EndProject
Project("{9A19103F-16F7-4668-BE54-9A1E7A4F7556}") = "PgpCore.Tests", "PgpCore.Tests\PgpCore.Tests.csproj", "{9F70E456-1511-4466-B805-6D0AABC48AD9}"
EndProject
Global
	GlobalSection(SolutionConfigurationPlatforms) = preSolution
		Debug|Any CPU = Debug|Any CPU
		Release|Any CPU = Release|Any CPU
	EndGlobalSection
	GlobalSection(ProjectConfigurationPlatforms) = postSolution
		{109C82AE-0229-494D-845F-828B61C712E6}.Debug|Any CPU.ActiveCfg = Debug|Any CPU
		{109C82AE-0229-494D-845F-828B61C712E6}.Debug|Any CPU.Build.0 = Debug|Any CPU
		{109C82AE-0229-494D-845F-828B61C712E6}.Release|Any CPU.ActiveCfg = Release|Any CPU
		{109C82AE-0229-494D-845F-828B61C712E6}.Release|Any CPU.Build.0 = Release|Any CPU
		{9F70E456-1511-4466-B805-6D0AABC48AD9}.Debug|Any CPU.ActiveCfg = Debug|Any CPU
		{9F70E456-1511-4466-B805-6D0AABC48AD9}.Debug|Any CPU.Build.0 = Debug|Any CPU
		{9F70E456-1511-4466-B805-6D0AABC48AD9}.Release|Any CPU.ActiveCfg = Release|Any CPU
		{9F70E456-1511-4466-B805-6D0AABC48AD9}.Release|Any CPU.Build.0 = Release|Any CPU
	EndGlobalSection
	GlobalSection(SolutionProperties) = preSolution
		HideSolutionNode = FALSE
	EndGlobalSection
	GlobalSection(ExtensibilityGlobals) = postSolution
		SolutionGuid = {C3BE9CE6-EC6B-4478-BCDE-87CC45DAA500}
	EndGlobalSection
EndGlobal
